
Microsoft Visual Studio Solution File, Format Version 12.00
# Visual Studio Version 16
VisualStudioVersion = 16.0.31702.278
MinimumVisualStudioVersion = 10.0.40219.1
Project("{FAE04EC0-301F-11D3-BF4B-00C04F79EFBC}") = "GridLayout", "GridLayout.csproj", "{C5CCA16D-9270-4DB8-924A-0D438E6B284E}"
EndProject
Project("{FAE04EC0-301F-11D3-BF4B-00C04F79EFBC}") = "LayoutEx2", "..\LayoutEx2\LayoutEx2.csproj", "{0CC16C9C-B578-4534-8048-FB53E64DE54A}"
EndProject
Project("{FAE04EC0-301F-11D3-BF4B-00C04F79EFBC}") = "LayoutEx3", "..\LayoutEx3\LayoutEx3.csproj", "{B86B3748-4F65-45C3-9998-46EAC73E295D}"
EndProject
Project("{FAE04EC0-301F-11D3-BF4B-00C04F79EFBC}") = "LayoutEx4", "..\LayoutEx4\LayoutEx4.csproj", "{41D5C497-D9AE-47FB-B5D4-DF935112DCA9}"
EndProject
Project("{FAE04EC0-301F-11D3-BF4B-00C04F79EFBC}") = "UWP_009", "..\UWP_009\UWP_009.csproj", "{03403247-5167-4899-B2C8-5E79FAA3ACBD}"
EndProject
Project("{FAE04EC0-301F-11D3-BF4B-00C04F79EFBC}") = "UWP-011", "..\UWP-011\UWP-011.csproj", "{86F7F59C-534F-4023-954A-51A62C56B28D}"
EndProject
Project("{FAE04EC0-301F-11D3-BF4B-00C04F79EFBC}") = "UWP-013", "..\UWP-013\UWP-013.csproj", "{0DD018DA-1267-4F0D-A17A-05B1B63BE5D9}"
EndProject
Project("{FAE04EC0-301F-11D3-BF4B-00C04F79EFBC}") = "WeatherPanel", "..\WeatherPanel\WeatherPanel.csproj", "{001255D6-3F05-43AB-AB19-E13E7C61A3ED}"
EndProject
Global
	GlobalSection(SolutionConfigurationPlatforms) = preSolution
		Debug|ARM = Debug|ARM
		Debug|ARM64 = Debug|ARM64
		Debug|x64 = Debug|x64
		Debug|x86 = Debug|x86
		Release|ARM = Release|ARM
		Release|ARM64 = Release|ARM64
		Release|x64 = Release|x64
		Release|x86 = Release|x86
	EndGlobalSection
	GlobalSection(ProjectConfigurationPlatforms) = postSolution
		{C5CCA16D-9270-4DB8-924A-0D438E6B284E}.Debug|ARM.ActiveCfg = Debug|ARM
		{C5CCA16D-9270-4DB8-924A-0D438E6B284E}.Debug|ARM.Build.0 = Debug|ARM
		{C5CCA16D-9270-4DB8-924A-0D438E6B284E}.Debug|ARM.Deploy.0 = Debug|ARM
		{C5CCA16D-9270-4DB8-924A-0D438E6B284E}.Debug|ARM64.ActiveCfg = Debug|ARM64
		{C5CCA16D-9270-4DB8-924A-0D438E6B284E}.Debug|ARM64.Build.0 = Debug|ARM64
		{C5CCA16D-9270-4DB8-924A-0D438E6B284E}.Debug|ARM64.Deploy.0 = Debug|ARM64
		{C5CCA16D-9270-4DB8-924A-0D438E6B284E}.Debug|x64.ActiveCfg = Debug|x64
		{C5CCA16D-9270-4DB8-924A-0D438E6B284E}.Debug|x64.Build.0 = Debug|x64
		{C5CCA16D-9270-4DB8-924A-0D438E6B284E}.Debug|x64.Deploy.0 = Debug|x64
		{C5CCA16D-9270-4DB8-924A-0D438E6B284E}.Debug|x86.ActiveCfg = Debug|x86
		{C5CCA16D-9270-4DB8-924A-0D438E6B284E}.Debug|x86.Build.0 = Debug|x86
		{C5CCA16D-9270-4DB8-924A-0D438E6B284E}.Debug|x86.Deploy.0 = Debug|x86
		{C5CCA16D-9270-4DB8-924A-0D438E6B284E}.Release|ARM.ActiveCfg = Release|ARM
		{C5CCA16D-9270-4DB8-924A-0D438E6B284E}.Release|ARM.Build.0 = Release|ARM
		{C5CCA16D-9270-4DB8-924A-0D438E6B284E}.Release|ARM.Deploy.0 = Release|ARM
		{C5CCA16D-9270-4DB8-924A-0D438E6B284E}.Release|ARM64.ActiveCfg = Release|ARM64
		{C5CCA16D-9270-4DB8-924A-0D438E6B284E}.Release|ARM64.Build.0 = Release|ARM64
		{C5CCA16D-9270-4DB8-924A-0D438E6B284E}.Release|ARM64.Deploy.0 = Release|ARM64
		{C5CCA16D-9270-4DB8-924A-0D438E6B284E}.Release|x64.ActiveCfg = Release|x64
		{C5CCA16D-9270-4DB8-924A-0D438E6B284E}.Release|x64.Build.0 = Release|x64
		{C5CCA16D-9270-4DB8-924A-0D438E6B284E}.Release|x64.Deploy.0 = Release|x64
		{C5CCA16D-9270-4DB8-924A-0D438E6B284E}.Release|x86.ActiveCfg = Release|x86
		{C5CCA16D-9270-4DB8-924A-0D438E6B284E}.Release|x86.Build.0 = Release|x86
		{C5CCA16D-9270-4DB8-924A-0D438E6B284E}.Release|x86.Deploy.0 = Release|x86
		{0CC16C9C-B578-4534-8048-FB53E64DE54A}.Debug|ARM.ActiveCfg = Debug|ARM
		{0CC16C9C-B578-4534-8048-FB53E64DE54A}.Debug|ARM.Build.0 = Debug|ARM
		{0CC16C9C-B578-4534-8048-FB53E64DE54A}.Debug|ARM.Deploy.0 = Debug|ARM
		{0CC16C9C-B578-4534-8048-FB53E64DE54A}.Debug|ARM64.ActiveCfg = Debug|ARM64
		{0CC16C9C-B578-4534-8048-FB53E64DE54A}.Debug|ARM64.Build.0 = Debug|ARM64
		{0CC16C9C-B578-4534-8048-FB53E64DE54A}.Debug|ARM64.Deploy.0 = Debug|ARM64
		{0CC16C9C-B578-4534-8048-FB53E64DE54A}.Debug|x64.ActiveCfg = Debug|x64
		{0CC16C9C-B578-4534-8048-FB53E64DE54A}.Debug|x64.Build.0 = Debug|x64
		{0CC16C9C-B578-4534-8048-FB53E64DE54A}.Debug|x64.Deploy.0 = Debug|x64
		{0CC16C9C-B578-4534-8048-FB53E64DE54A}.Debug|x86.ActiveCfg = Debug|x86
		{0CC16C9C-B578-4534-8048-FB53E64DE54A}.Debug|x86.Build.0 = Debug|x86
		{0CC16C9C-B578-4534-8048-FB53E64DE54A}.Debug|x86.Deploy.0 = Debug|x86
		{0CC16C9C-B578-4534-8048-FB53E64DE54A}.Release|ARM.ActiveCfg = Release|ARM
		{0CC16C9C-B578-4534-8048-FB53E64DE54A}.Release|ARM.Build.0 = Release|ARM
		{0CC16C9C-B578-4534-8048-FB53E64DE54A}.Release|ARM.Deploy.0 = Release|ARM
		{0CC16C9C-B578-4534-8048-FB53E64DE54A}.Release|ARM64.ActiveCfg = Release|ARM64
		{0CC16C9C-B578-4534-8048-FB53E64DE54A}.Release|ARM64.Build.0 = Release|ARM64
		{0CC16C9C-B578-4534-8048-FB53E64DE54A}.Release|ARM64.Deploy.0 = Release|ARM64
		{0CC16C9C-B578-4534-8048-FB53E64DE54A}.Release|x64.ActiveCfg = Release|x64
		{0CC16C9C-B578-4534-8048-FB53E64DE54A}.Release|x64.Build.0 = Release|x64
		{0CC16C9C-B578-4534-8048-FB53E64DE54A}.Release|x64.Deploy.0 = Release|x64
		{0CC16C9C-B578-4534-8048-FB53E64DE54A}.Release|x86.ActiveCfg = Release|x86
		{0CC16C9C-B578-4534-8048-FB53E64DE54A}.Release|x86.Build.0 = Release|x86
		{0CC16C9C-B578-4534-8048-FB53E64DE54A}.Release|x86.Deploy.0 = Release|x86
		{B86B3748-4F65-45C3-9998-46EAC73E295D}.Debug|ARM.ActiveCfg = Debug|ARM
		{B86B3748-4F65-45C3-9998-46EAC73E295D}.Debug|ARM.Build.0 = Debug|ARM
		{B86B3748-4F65-45C3-9998-46EAC73E295D}.Debug|ARM.Deploy.0 = Debug|ARM
		{B86B3748-4F65-45C3-9998-46EAC73E295D}.Debug|ARM64.ActiveCfg = Debug|ARM64
		{B86B3748-4F65-45C3-9998-46EAC73E295D}.Debug|ARM64.Build.0 = Debug|ARM64
		{B86B3748-4F65-45C3-9998-46EAC73E295D}.Debug|ARM64.Deploy.0 = Debug|ARM64
		{B86B3748-4F65-45C3-9998-46EAC73E295D}.Debug|x64.ActiveCfg = Debug|x64
		{B86B3748-4F65-45C3-9998-46EAC73E295D}.Debug|x64.Build.0 = Debug|x64
		{B86B3748-4F65-45C3-9998-46EAC73E295D}.Debug|x64.Deploy.0 = Debug|x64
		{B86B3748-4F65-45C3-9998-46EAC73E295D}.Debug|x86.ActiveCfg = Debug|x86
		{B86B3748-4F65-45C3-9998-46EAC73E295D}.Debug|x86.Build.0 = Debug|x86
		{B86B3748-4F65-45C3-9998-46EAC73E295D}.Debug|x86.Deploy.0 = Debug|x86
		{B86B3748-4F65-45C3-9998-46EAC73E295D}.Release|ARM.ActiveCfg = Release|ARM
		{B86B3748-4F65-45C3-9998-46EAC73E295D}.Release|ARM.Build.0 = Release|ARM
		{B86B3748-4F65-45C3-9998-46EAC73E295D}.Release|ARM.Deploy.0 = Release|ARM
		{B86B3748-4F65-45C3-9998-46EAC73E295D}.Release|ARM64.ActiveCfg = Release|ARM64
		{B86B3748-4F65-45C3-9998-46EAC73E295D}.Release|ARM64.Build.0 = Release|ARM64
		{B86B3748-4F65-45C3-9998-46EAC73E295D}.Release|ARM64.Deploy.0 = Release|ARM64
		{B86B3748-4F65-45C3-9998-46EAC73E295D}.Release|x64.ActiveCfg = Release|x64
		{B86B3748-4F65-45C3-9998-46EAC73E295D}.Release|x64.Build.0 = Release|x64
		{B86B3748-4F65-45C3-9998-46EAC73E295D}.Release|x64.Deploy.0 = Release|x64
		{B86B3748-4F65-45C3-9998-46EAC73E295D}.Release|x86.ActiveCfg = Release|x86
		{B86B3748-4F65-45C3-9998-46EAC73E295D}.Release|x86.Build.0 = Release|x86
		{B86B3748-4F65-45C3-9998-46EAC73E295D}.Release|x86.Deploy.0 = Release|x86
		{41D5C497-D9AE-47FB-B5D4-DF935112DCA9}.Debug|ARM.ActiveCfg = Debug|ARM
		{41D5C497-D9AE-47FB-B5D4-DF935112DCA9}.Debug|ARM.Build.0 = Debug|ARM
		{41D5C497-D9AE-47FB-B5D4-DF935112DCA9}.Debug|ARM.Deploy.0 = Debug|ARM
		{41D5C497-D9AE-47FB-B5D4-DF935112DCA9}.Debug|ARM64.ActiveCfg = Debug|ARM64
		{41D5C497-D9AE-47FB-B5D4-DF935112DCA9}.Debug|ARM64.Build.0 = Debug|ARM64
		{41D5C497-D9AE-47FB-B5D4-DF935112DCA9}.Debug|ARM64.Deploy.0 = Debug|ARM64
		{41D5C497-D9AE-47FB-B5D4-DF935112DCA9}.Debug|x64.ActiveCfg = Debug|x64
		{41D5C497-D9AE-47FB-B5D4-DF935112DCA9}.Debug|x64.Build.0 = Debug|x64
		{41D5C497-D9AE-47FB-B5D4-DF935112DCA9}.Debug|x64.Deploy.0 = Debug|x64
		{41D5C497-D9AE-47FB-B5D4-DF935112DCA9}.Debug|x86.ActiveCfg = Debug|x86
		{41D5C497-D9AE-47FB-B5D4-DF935112DCA9}.Debug|x86.Build.0 = Debug|x86
		{41D5C497-D9AE-47FB-B5D4-DF935112DCA9}.Debug|x86.Deploy.0 = Debug|x86
		{41D5C497-D9AE-47FB-B5D4-DF935112DCA9}.Release|ARM.ActiveCfg = Release|ARM
		{41D5C497-D9AE-47FB-B5D4-DF935112DCA9}.Release|ARM.Build.0 = Release|ARM
		{41D5C497-D9AE-47FB-B5D4-DF935112DCA9}.Release|ARM.Deploy.0 = Release|ARM
		{41D5C497-D9AE-47FB-B5D4-DF935112DCA9}.Release|ARM64.ActiveCfg = Release|ARM64
		{41D5C497-D9AE-47FB-B5D4-DF935112DCA9}.Release|ARM64.Build.0 = Release|ARM64
		{41D5C497-D9AE-47FB-B5D4-DF935112DCA9}.Release|ARM64.Deploy.0 = Release|ARM64
		{41D5C497-D9AE-47FB-B5D4-DF935112DCA9}.Release|x64.ActiveCfg = Release|x64
		{41D5C497-D9AE-47FB-B5D4-DF935112DCA9}.Release|x64.Build.0 = Release|x64
		{41D5C497-D9AE-47FB-B5D4-DF935112DCA9}.Release|x64.Deploy.0 = Release|x64
		{41D5C497-D9AE-47FB-B5D4-DF935112DCA9}.Release|x86.ActiveCfg = Release|x86
		{41D5C497-D9AE-47FB-B5D4-DF935112DCA9}.Release|x86.Build.0 = Release|x86
		{41D5C497-D9AE-47FB-B5D4-DF935112DCA9}.Release|x86.Deploy.0 = Release|x86
		{03403247-5167-4899-B2C8-5E79FAA3ACBD}.Debug|ARM.ActiveCfg = Debug|ARM
		{03403247-5167-4899-B2C8-5E79FAA3ACBD}.Debug|ARM.Build.0 = Debug|ARM
		{03403247-5167-4899-B2C8-5E79FAA3ACBD}.Debug|ARM.Deploy.0 = Debug|ARM
		{03403247-5167-4899-B2C8-5E79FAA3ACBD}.Debug|ARM64.ActiveCfg = Debug|ARM64
		{03403247-5167-4899-B2C8-5E79FAA3ACBD}.Debug|ARM64.Build.0 = Debug|ARM64
		{03403247-5167-4899-B2C8-5E79FAA3ACBD}.Debug|ARM64.Deploy.0 = Debug|ARM64
		{03403247-5167-4899-B2C8-5E79FAA3ACBD}.Debug|x64.ActiveCfg = Debug|x64
		{03403247-5167-4899-B2C8-5E79FAA3ACBD}.Debug|x64.Build.0 = Debug|x64
		{03403247-5167-4899-B2C8-5E79FAA3ACBD}.Debug|x64.Deploy.0 = Debug|x64
		{03403247-5167-4899-B2C8-5E79FAA3ACBD}.Debug|x86.ActiveCfg = Debug|x86
		{03403247-5167-4899-B2C8-5E79FAA3ACBD}.Debug|x86.Build.0 = Debug|x86
		{03403247-5167-4899-B2C8-5E79FAA3ACBD}.Debug|x86.Deploy.0 = Debug|x86
		{03403247-5167-4899-B2C8-5E79FAA3ACBD}.Release|ARM.ActiveCfg = Release|ARM
		{03403247-5167-4899-B2C8-5E79FAA3ACBD}.Release|ARM.Build.0 = Release|ARM
		{03403247-5167-4899-B2C8-5E79FAA3ACBD}.Release|ARM.Deploy.0 = Release|ARM
		{03403247-5167-4899-B2C8-5E79FAA3ACBD}.Release|ARM64.ActiveCfg = Release|ARM64
		{03403247-5167-4899-B2C8-5E79FAA3ACBD}.Release|ARM64.Build.0 = Release|ARM64
		{03403247-5167-4899-B2C8-5E79FAA3ACBD}.Release|ARM64.Deploy.0 = Release|ARM64
		{03403247-5167-4899-B2C8-5E79FAA3ACBD}.Release|x64.ActiveCfg = Release|x64
		{03403247-5167-4899-B2C8-5E79FAA3ACBD}.Release|x64.Build.0 = Release|x64
		{03403247-5167-4899-B2C8-5E79FAA3ACBD}.Release|x64.Deploy.0 = Release|x64
		{03403247-5167-4899-B2C8-5E79FAA3ACBD}.Release|x86.ActiveCfg = Release|x86
		{03403247-5167-4899-B2C8-5E79FAA3ACBD}.Release|x86.Build.0 = Release|x86
		{03403247-5167-4899-B2C8-5E79FAA3ACBD}.Release|x86.Deploy.0 = Release|x86
		{86F7F59C-534F-4023-954A-51A62C56B28D}.Debug|ARM.ActiveCfg = Debug|ARM
		{86F7F59C-534F-4023-954A-51A62C56B28D}.Debug|ARM.Build.0 = Debug|ARM
		{86F7F59C-534F-4023-954A-51A62C56B28D}.Debug|ARM.Deploy.0 = Debug|ARM
		{86F7F59C-534F-4023-954A-51A62C56B28D}.Debug|ARM64.ActiveCfg = Debug|ARM64
		{86F7F59C-534F-4023-954A-51A62C56B28D}.Debug|ARM64.Build.0 = Debug|ARM64
		{86F7F59C-534F-4023-954A-51A62C56B28D}.Debug|ARM64.Deploy.0 = Debug|ARM64
		{86F7F59C-534F-4023-954A-51A62C56B28D}.Debug|x64.ActiveCfg = Debug|x64
		{86F7F59C-534F-4023-954A-51A62C56B28D}.Debug|x64.Build.0 = Debug|x64
		{86F7F59C-534F-4023-954A-51A62C56B28D}.Debug|x64.Deploy.0 = Debug|x64
		{86F7F59C-534F-4023-954A-51A62C56B28D}.Debug|x86.ActiveCfg = Debug|x86
		{86F7F59C-534F-4023-954A-51A62C56B28D}.Debug|x86.Build.0 = Debug|x86
		{86F7F59C-534F-4023-954A-51A62C56B28D}.Debug|x86.Deploy.0 = Debug|x86
		{86F7F59C-534F-4023-954A-51A62C56B28D}.Release|ARM.ActiveCfg = Release|ARM
		{86F7F59C-534F-4023-954A-51A62C56B28D}.Release|ARM.Build.0 = Release|ARM
		{86F7F59C-534F-4023-954A-51A62C56B28D}.Release|ARM.Deploy.0 = Release|ARM
		{86F7F59C-534F-4023-954A-51A62C56B28D}.Release|ARM64.ActiveCfg = Release|ARM64
		{86F7F59C-534F-4023-954A-51A62C56B28D}.Release|ARM64.Build.0 = Release|ARM64
		{86F7F59C-534F-4023-954A-51A62C56B28D}.Release|ARM64.Deploy.0 = Release|ARM64
		{86F7F59C-534F-4023-954A-51A62C56B28D}.Release|x64.ActiveCfg = Release|x64
		{86F7F59C-534F-4023-954A-51A62C56B28D}.Release|x64.Build.0 = Release|x64
		{86F7F59C-534F-4023-954A-51A62C56B28D}.Release|x64.Deploy.0 = Release|x64
		{86F7F59C-534F-4023-954A-51A62C56B28D}.Release|x86.ActiveCfg = Release|x86
		{86F7F59C-534F-4023-954A-51A62C56B28D}.Release|x86.Build.0 = Release|x86
		{86F7F59C-534F-4023-954A-51A62C56B28D}.Release|x86.Deploy.0 = Release|x86
		{0DD018DA-1267-4F0D-A17A-05B1B63BE5D9}.Debug|ARM.ActiveCfg = Debug|ARM
		{0DD018DA-1267-4F0D-A17A-05B1B63BE5D9}.Debug|ARM.Build.0 = Debug|ARM
		{0DD018DA-1267-4F0D-A17A-05B1B63BE5D9}.Debug|ARM.Deploy.0 = Debug|ARM
		{0DD018DA-1267-4F0D-A17A-05B1B63BE5D9}.Debug|ARM64.ActiveCfg = Debug|ARM64
		{0DD018DA-1267-4F0D-A17A-05B1B63BE5D9}.Debug|ARM64.Build.0 = Debug|ARM64
		{0DD018DA-1267-4F0D-A17A-05B1B63BE5D9}.Debug|ARM64.Deploy.0 = Debug|ARM64
		{0DD018DA-1267-4F0D-A17A-05B1B63BE5D9}.Debug|x64.ActiveCfg = Debug|x64
		{0DD018DA-1267-4F0D-A17A-05B1B63BE5D9}.Debug|x64.Build.0 = Debug|x64
		{0DD018DA-1267-4F0D-A17A-05B1B63BE5D9}.Debug|x64.Deploy.0 = Debug|x64
		{0DD018DA-1267-4F0D-A17A-05B1B63BE5D9}.Debug|x86.ActiveCfg = Debug|x86
		{0DD018DA-1267-4F0D-A17A-05B1B63BE5D9}.Debug|x86.Build.0 = Debug|x86
		{0DD018DA-1267-4F0D-A17A-05B1B63BE5D9}.Debug|x86.Deploy.0 = Debug|x86
		{0DD018DA-1267-4F0D-A17A-05B1B63BE5D9}.Release|ARM.ActiveCfg = Release|ARM
		{0DD018DA-1267-4F0D-A17A-05B1B63BE5D9}.Release|ARM.Build.0 = Release|ARM
		{0DD018DA-1267-4F0D-A17A-05B1B63BE5D9}.Release|ARM.Deploy.0 = Release|ARM
		{0DD018DA-1267-4F0D-A17A-05B1B63BE5D9}.Release|ARM64.ActiveCfg = Release|ARM64
		{0DD018DA-1267-4F0D-A17A-05B1B63BE5D9}.Release|ARM64.Build.0 = Release|ARM64
		{0DD018DA-1267-4F0D-A17A-05B1B63BE5D9}.Release|ARM64.Deploy.0 = Release|ARM64
		{0DD018DA-1267-4F0D-A17A-05B1B63BE5D9}.Release|x64.ActiveCfg = Release|x64
		{0DD018DA-1267-4F0D-A17A-05B1B63BE5D9}.Release|x64.Build.0 = Release|x64
		{0DD018DA-1267-4F0D-A17A-05B1B63BE5D9}.Release|x64.Deploy.0 = Release|x64
		{0DD018DA-1267-4F0D-A17A-05B1B63BE5D9}.Release|x86.ActiveCfg = Release|x86
		{0DD018DA-1267-4F0D-A17A-05B1B63BE5D9}.Release|x86.Build.0 = Release|x86
		{0DD018DA-1267-4F0D-A17A-05B1B63BE5D9}.Release|x86.Deploy.0 = Release|x86
		{001255D6-3F05-43AB-AB19-E13E7C61A3ED}.Debug|ARM.ActiveCfg = Debug|ARM
		{001255D6-3F05-43AB-AB19-E13E7C61A3ED}.Debug|ARM.Build.0 = Debug|ARM
		{001255D6-3F05-43AB-AB19-E13E7C61A3ED}.Debug|ARM.Deploy.0 = Debug|ARM
		{001255D6-3F05-43AB-AB19-E13E7C61A3ED}.Debug|ARM64.ActiveCfg = Debug|ARM64
		{001255D6-3F05-43AB-AB19-E13E7C61A3ED}.Debug|ARM64.Build.0 = Debug|ARM64
		{001255D6-3F05-43AB-AB19-E13E7C61A3ED}.Debug|ARM64.Deploy.0 = Debug|ARM64
		{001255D6-3F05-43AB-AB19-E13E7C61A3ED}.Debug|x64.ActiveCfg = Debug|x64
		{001255D6-3F05-43AB-AB19-E13E7C61A3ED}.Debug|x64.Build.0 = Debug|x64
		{001255D6-3F05-43AB-AB19-E13E7C61A3ED}.Debug|x64.Deploy.0 = Debug|x64
		{001255D6-3F05-43AB-AB19-E13E7C61A3ED}.Debug|x86.ActiveCfg = Debug|x86
		{001255D6-3F05-43AB-AB19-E13E7C61A3ED}.Debug|x86.Build.0 = Debug|x86
		{001255D6-3F05-43AB-AB19-E13E7C61A3ED}.Debug|x86.Deploy.0 = Debug|x86
		{001255D6-3F05-43AB-AB19-E13E7C61A3ED}.Release|ARM.ActiveCfg = Release|ARM
		{001255D6-3F05-43AB-AB19-E13E7C61A3ED}.Release|ARM.Build.0 = Release|ARM
		{001255D6-3F05-43AB-AB19-E13E7C61A3ED}.Release|ARM.Deploy.0 = Release|ARM
		{001255D6-3F05-43AB-AB19-E13E7C61A3ED}.Release|ARM64.ActiveCfg = Release|ARM64
		{001255D6-3F05-43AB-AB19-E13E7C61A3ED}.Release|ARM64.Build.0 = Release|ARM64
		{001255D6-3F05-43AB-AB19-E13E7C61A3ED}.Release|ARM64.Deploy.0 = Release|ARM64
		{001255D6-3F05-43AB-AB19-E13E7C61A3ED}.Release|x64.ActiveCfg = Release|x64
		{001255D6-3F05-43AB-AB19-E13E7C61A3ED}.Release|x64.Build.0 = Release|x64
		{001255D6-3F05-43AB-AB19-E13E7C61A3ED}.Release|x64.Deploy.0 = Release|x64
		{001255D6-3F05-43AB-AB19-E13E7C61A3ED}.Release|x86.ActiveCfg = Release|x86
		{001255D6-3F05-43AB-AB19-E13E7C61A3ED}.Release|x86.Build.0 = Release|x86
		{001255D6-3F05-43AB-AB19-E13E7C61A3ED}.Release|x86.Deploy.0 = Release|x86
	EndGlobalSection
	GlobalSection(SolutionProperties) = preSolution
		HideSolutionNode = FALSE
	EndGlobalSection
	GlobalSection(ExtensibilityGlobals) = postSolution
		SolutionGuid = {84E57659-973E-450D-9EC2-6D61F9A40E5C}
	EndGlobalSection
EndGlobal
