
Microsoft Visual Studio Solution File, Format Version 12.00
# Visual Studio Version 16
VisualStudioVersion = 16.0.31702.278
MinimumVisualStudioVersion = 10.0.40219.1
Project("{FAE04EC0-301F-11D3-BF4B-00C04F79EFBC}") = "UWP-037", "UWP-037.csproj", "{11218477-03B2-436D-ACB5-AC08060BB7BA}"
EndProject
Project("{FAE04EC0-301F-11D3-BF4B-00C04F79EFBC}") = "UsingBlendForVisualStates", "..\UsingBlendForVisualStates\UsingBlendForVisualStates.csproj", "{7B8967C7-2551-4AC1-9228-C888C16FFEEA}"
EndProject
Project("{FAE04EC0-301F-11D3-BF4B-00C04F79EFBC}") = "UWP-038", "..\UWP-038\UWP-038.csproj", "{BB8A0C4F-8E96-4CC0-88A8-CF4B5D014B70}"
EndProject
Project("{FAE04EC0-301F-11D3-BF4B-00C04F79EFBC}") = "UWP-039", "..\UWP-039\UWP-039.csproj", "{C8410E6D-3FD5-4CEC-B7F7-68504A215B50}"
EndProject
Project("{FAE04EC0-301F-11D3-BF4B-00C04F79EFBC}") = "UWP-040", "..\UWP-040\UWP-040.csproj", "{4F6800CD-D21F-4395-859D-FBCFE284701D}"
EndProject
Global
	GlobalSection(SolutionConfigurationPlatforms) = preSolution
		Debug|ARM = Debug|ARM
		Debug|ARM64 = Debug|ARM64
		Debug|x64 = Debug|x64
		Debug|x86 = Debug|x86
		Release|ARM = Release|ARM
		Release|ARM64 = Release|ARM64
		Release|x64 = Release|x64
		Release|x86 = Release|x86
	EndGlobalSection
	GlobalSection(ProjectConfigurationPlatforms) = postSolution
		{11218477-03B2-436D-ACB5-AC08060BB7BA}.Debug|ARM.ActiveCfg = Debug|ARM
		{11218477-03B2-436D-ACB5-AC08060BB7BA}.Debug|ARM.Build.0 = Debug|ARM
		{11218477-03B2-436D-ACB5-AC08060BB7BA}.Debug|ARM.Deploy.0 = Debug|ARM
		{11218477-03B2-436D-ACB5-AC08060BB7BA}.Debug|ARM64.ActiveCfg = Debug|ARM64
		{11218477-03B2-436D-ACB5-AC08060BB7BA}.Debug|ARM64.Build.0 = Debug|ARM64
		{11218477-03B2-436D-ACB5-AC08060BB7BA}.Debug|ARM64.Deploy.0 = Debug|ARM64
		{11218477-03B2-436D-ACB5-AC08060BB7BA}.Debug|x64.ActiveCfg = Debug|x64
		{11218477-03B2-436D-ACB5-AC08060BB7BA}.Debug|x64.Build.0 = Debug|x64
		{11218477-03B2-436D-ACB5-AC08060BB7BA}.Debug|x64.Deploy.0 = Debug|x64
		{11218477-03B2-436D-ACB5-AC08060BB7BA}.Debug|x86.ActiveCfg = Debug|x86
		{11218477-03B2-436D-ACB5-AC08060BB7BA}.Debug|x86.Build.0 = Debug|x86
		{11218477-03B2-436D-ACB5-AC08060BB7BA}.Debug|x86.Deploy.0 = Debug|x86
		{11218477-03B2-436D-ACB5-AC08060BB7BA}.Release|ARM.ActiveCfg = Release|ARM
		{11218477-03B2-436D-ACB5-AC08060BB7BA}.Release|ARM.Build.0 = Release|ARM
		{11218477-03B2-436D-ACB5-AC08060BB7BA}.Release|ARM.Deploy.0 = Release|ARM
		{11218477-03B2-436D-ACB5-AC08060BB7BA}.Release|ARM64.ActiveCfg = Release|ARM64
		{11218477-03B2-436D-ACB5-AC08060BB7BA}.Release|ARM64.Build.0 = Release|ARM64
		{11218477-03B2-436D-ACB5-AC08060BB7BA}.Release|ARM64.Deploy.0 = Release|ARM64
		{11218477-03B2-436D-ACB5-AC08060BB7BA}.Release|x64.ActiveCfg = Release|x64
		{11218477-03B2-436D-ACB5-AC08060BB7BA}.Release|x64.Build.0 = Release|x64
		{11218477-03B2-436D-ACB5-AC08060BB7BA}.Release|x64.Deploy.0 = Release|x64
		{11218477-03B2-436D-ACB5-AC08060BB7BA}.Release|x86.ActiveCfg = Release|x86
		{11218477-03B2-436D-ACB5-AC08060BB7BA}.Release|x86.Build.0 = Release|x86
		{11218477-03B2-436D-ACB5-AC08060BB7BA}.Release|x86.Deploy.0 = Release|x86
		{7B8967C7-2551-4AC1-9228-C888C16FFEEA}.Debug|ARM.ActiveCfg = Debug|ARM
		{7B8967C7-2551-4AC1-9228-C888C16FFEEA}.Debug|ARM.Build.0 = Debug|ARM
		{7B8967C7-2551-4AC1-9228-C888C16FFEEA}.Debug|ARM.Deploy.0 = Debug|ARM
		{7B8967C7-2551-4AC1-9228-C888C16FFEEA}.Debug|ARM64.ActiveCfg = Debug|ARM64
		{7B8967C7-2551-4AC1-9228-C888C16FFEEA}.Debug|ARM64.Build.0 = Debug|ARM64
		{7B8967C7-2551-4AC1-9228-C888C16FFEEA}.Debug|ARM64.Deploy.0 = Debug|ARM64
		{7B8967C7-2551-4AC1-9228-C888C16FFEEA}.Debug|x64.ActiveCfg = Debug|x64
		{7B8967C7-2551-4AC1-9228-C888C16FFEEA}.Debug|x64.Build.0 = Debug|x64
		{7B8967C7-2551-4AC1-9228-C888C16FFEEA}.Debug|x64.Deploy.0 = Debug|x64
		{7B8967C7-2551-4AC1-9228-C888C16FFEEA}.Debug|x86.ActiveCfg = Debug|x86
		{7B8967C7-2551-4AC1-9228-C888C16FFEEA}.Debug|x86.Build.0 = Debug|x86
		{7B8967C7-2551-4AC1-9228-C888C16FFEEA}.Debug|x86.Deploy.0 = Debug|x86
		{7B8967C7-2551-4AC1-9228-C888C16FFEEA}.Release|ARM.ActiveCfg = Release|ARM
		{7B8967C7-2551-4AC1-9228-C888C16FFEEA}.Release|ARM.Build.0 = Release|ARM
		{7B8967C7-2551-4AC1-9228-C888C16FFEEA}.Release|ARM.Deploy.0 = Release|ARM
		{7B8967C7-2551-4AC1-9228-C888C16FFEEA}.Release|ARM64.ActiveCfg = Release|ARM64
		{7B8967C7-2551-4AC1-9228-C888C16FFEEA}.Release|ARM64.Build.0 = Release|ARM64
		{7B8967C7-2551-4AC1-9228-C888C16FFEEA}.Release|ARM64.Deploy.0 = Release|ARM64
		{7B8967C7-2551-4AC1-9228-C888C16FFEEA}.Release|x64.ActiveCfg = Release|x64
		{7B8967C7-2551-4AC1-9228-C888C16FFEEA}.Release|x64.Build.0 = Release|x64
		{7B8967C7-2551-4AC1-9228-C888C16FFEEA}.Release|x64.Deploy.0 = Release|x64
		{7B8967C7-2551-4AC1-9228-C888C16FFEEA}.Release|x86.ActiveCfg = Release|x86
		{7B8967C7-2551-4AC1-9228-C888C16FFEEA}.Release|x86.Build.0 = Release|x86
		{7B8967C7-2551-4AC1-9228-C888C16FFEEA}.Release|x86.Deploy.0 = Release|x86
		{BB8A0C4F-8E96-4CC0-88A8-CF4B5D014B70}.Debug|ARM.ActiveCfg = Debug|ARM
		{BB8A0C4F-8E96-4CC0-88A8-CF4B5D014B70}.Debug|ARM.Build.0 = Debug|ARM
		{BB8A0C4F-8E96-4CC0-88A8-CF4B5D014B70}.Debug|ARM.Deploy.0 = Debug|ARM
		{BB8A0C4F-8E96-4CC0-88A8-CF4B5D014B70}.Debug|ARM64.ActiveCfg = Debug|ARM64
		{BB8A0C4F-8E96-4CC0-88A8-CF4B5D014B70}.Debug|ARM64.Build.0 = Debug|ARM64
		{BB8A0C4F-8E96-4CC0-88A8-CF4B5D014B70}.Debug|ARM64.Deploy.0 = Debug|ARM64
		{BB8A0C4F-8E96-4CC0-88A8-CF4B5D014B70}.Debug|x64.ActiveCfg = Debug|x64
		{BB8A0C4F-8E96-4CC0-88A8-CF4B5D014B70}.Debug|x64.Build.0 = Debug|x64
		{BB8A0C4F-8E96-4CC0-88A8-CF4B5D014B70}.Debug|x64.Deploy.0 = Debug|x64
		{BB8A0C4F-8E96-4CC0-88A8-CF4B5D014B70}.Debug|x86.ActiveCfg = Debug|x86
		{BB8A0C4F-8E96-4CC0-88A8-CF4B5D014B70}.Debug|x86.Build.0 = Debug|x86
		{BB8A0C4F-8E96-4CC0-88A8-CF4B5D014B70}.Debug|x86.Deploy.0 = Debug|x86
		{BB8A0C4F-8E96-4CC0-88A8-CF4B5D014B70}.Release|ARM.ActiveCfg = Release|ARM
		{BB8A0C4F-8E96-4CC0-88A8-CF4B5D014B70}.Release|ARM.Build.0 = Release|ARM
		{BB8A0C4F-8E96-4CC0-88A8-CF4B5D014B70}.Release|ARM.Deploy.0 = Release|ARM
		{BB8A0C4F-8E96-4CC0-88A8-CF4B5D014B70}.Release|ARM64.ActiveCfg = Release|ARM64
		{BB8A0C4F-8E96-4CC0-88A8-CF4B5D014B70}.Release|ARM64.Build.0 = Release|ARM64
		{BB8A0C4F-8E96-4CC0-88A8-CF4B5D014B70}.Release|ARM64.Deploy.0 = Release|ARM64
		{BB8A0C4F-8E96-4CC0-88A8-CF4B5D014B70}.Release|x64.ActiveCfg = Release|x64
		{BB8A0C4F-8E96-4CC0-88A8-CF4B5D014B70}.Release|x64.Build.0 = Release|x64
		{BB8A0C4F-8E96-4CC0-88A8-CF4B5D014B70}.Release|x64.Deploy.0 = Release|x64
		{BB8A0C4F-8E96-4CC0-88A8-CF4B5D014B70}.Release|x86.ActiveCfg = Release|x86
		{BB8A0C4F-8E96-4CC0-88A8-CF4B5D014B70}.Release|x86.Build.0 = Release|x86
		{BB8A0C4F-8E96-4CC0-88A8-CF4B5D014B70}.Release|x86.Deploy.0 = Release|x86
		{C8410E6D-3FD5-4CEC-B7F7-68504A215B50}.Debug|ARM.ActiveCfg = Debug|ARM
		{C8410E6D-3FD5-4CEC-B7F7-68504A215B50}.Debug|ARM.Build.0 = Debug|ARM
		{C8410E6D-3FD5-4CEC-B7F7-68504A215B50}.Debug|ARM.Deploy.0 = Debug|ARM
		{C8410E6D-3FD5-4CEC-B7F7-68504A215B50}.Debug|ARM64.ActiveCfg = Debug|ARM64
		{C8410E6D-3FD5-4CEC-B7F7-68504A215B50}.Debug|ARM64.Build.0 = Debug|ARM64
		{C8410E6D-3FD5-4CEC-B7F7-68504A215B50}.Debug|ARM64.Deploy.0 = Debug|ARM64
		{C8410E6D-3FD5-4CEC-B7F7-68504A215B50}.Debug|x64.ActiveCfg = Debug|x64
		{C8410E6D-3FD5-4CEC-B7F7-68504A215B50}.Debug|x64.Build.0 = Debug|x64
		{C8410E6D-3FD5-4CEC-B7F7-68504A215B50}.Debug|x64.Deploy.0 = Debug|x64
		{C8410E6D-3FD5-4CEC-B7F7-68504A215B50}.Debug|x86.ActiveCfg = Debug|x86
		{C8410E6D-3FD5-4CEC-B7F7-68504A215B50}.Debug|x86.Build.0 = Debug|x86
		{C8410E6D-3FD5-4CEC-B7F7-68504A215B50}.Debug|x86.Deploy.0 = Debug|x86
		{C8410E6D-3FD5-4CEC-B7F7-68504A215B50}.Release|ARM.ActiveCfg = Release|ARM
		{C8410E6D-3FD5-4CEC-B7F7-68504A215B50}.Release|ARM.Build.0 = Release|ARM
		{C8410E6D-3FD5-4CEC-B7F7-68504A215B50}.Release|ARM.Deploy.0 = Release|ARM
		{C8410E6D-3FD5-4CEC-B7F7-68504A215B50}.Release|ARM64.ActiveCfg = Release|ARM64
		{C8410E6D-3FD5-4CEC-B7F7-68504A215B50}.Release|ARM64.Build.0 = Release|ARM64
		{C8410E6D-3FD5-4CEC-B7F7-68504A215B50}.Release|ARM64.Deploy.0 = Release|ARM64
		{C8410E6D-3FD5-4CEC-B7F7-68504A215B50}.Release|x64.ActiveCfg = Release|x64
		{C8410E6D-3FD5-4CEC-B7F7-68504A215B50}.Release|x64.Build.0 = Release|x64
		{C8410E6D-3FD5-4CEC-B7F7-68504A215B50}.Release|x64.Deploy.0 = Release|x64
		{C8410E6D-3FD5-4CEC-B7F7-68504A215B50}.Release|x86.ActiveCfg = Release|x86
		{C8410E6D-3FD5-4CEC-B7F7-68504A215B50}.Release|x86.Build.0 = Release|x86
		{C8410E6D-3FD5-4CEC-B7F7-68504A215B50}.Release|x86.Deploy.0 = Release|x86
		{4F6800CD-D21F-4395-859D-FBCFE284701D}.Debug|ARM.ActiveCfg = Debug|ARM
		{4F6800CD-D21F-4395-859D-FBCFE284701D}.Debug|ARM.Build.0 = Debug|ARM
		{4F6800CD-D21F-4395-859D-FBCFE284701D}.Debug|ARM.Deploy.0 = Debug|ARM
		{4F6800CD-D21F-4395-859D-FBCFE284701D}.Debug|ARM64.ActiveCfg = Debug|ARM64
		{4F6800CD-D21F-4395-859D-FBCFE284701D}.Debug|ARM64.Build.0 = Debug|ARM64
		{4F6800CD-D21F-4395-859D-FBCFE284701D}.Debug|ARM64.Deploy.0 = Debug|ARM64
		{4F6800CD-D21F-4395-859D-FBCFE284701D}.Debug|x64.ActiveCfg = Debug|x64
		{4F6800CD-D21F-4395-859D-FBCFE284701D}.Debug|x64.Build.0 = Debug|x64
		{4F6800CD-D21F-4395-859D-FBCFE284701D}.Debug|x64.Deploy.0 = Debug|x64
		{4F6800CD-D21F-4395-859D-FBCFE284701D}.Debug|x86.ActiveCfg = Debug|x86
		{4F6800CD-D21F-4395-859D-FBCFE284701D}.Debug|x86.Build.0 = Debug|x86
		{4F6800CD-D21F-4395-859D-FBCFE284701D}.Debug|x86.Deploy.0 = Debug|x86
		{4F6800CD-D21F-4395-859D-FBCFE284701D}.Release|ARM.ActiveCfg = Release|ARM
		{4F6800CD-D21F-4395-859D-FBCFE284701D}.Release|ARM.Build.0 = Release|ARM
		{4F6800CD-D21F-4395-859D-FBCFE284701D}.Release|ARM.Deploy.0 = Release|ARM
		{4F6800CD-D21F-4395-859D-FBCFE284701D}.Release|ARM64.ActiveCfg = Release|ARM64
		{4F6800CD-D21F-4395-859D-FBCFE284701D}.Release|ARM64.Build.0 = Release|ARM64
		{4F6800CD-D21F-4395-859D-FBCFE284701D}.Release|ARM64.Deploy.0 = Release|ARM64
		{4F6800CD-D21F-4395-859D-FBCFE284701D}.Release|x64.ActiveCfg = Release|x64
		{4F6800CD-D21F-4395-859D-FBCFE284701D}.Release|x64.Build.0 = Release|x64
		{4F6800CD-D21F-4395-859D-FBCFE284701D}.Release|x64.Deploy.0 = Release|x64
		{4F6800CD-D21F-4395-859D-FBCFE284701D}.Release|x86.ActiveCfg = Release|x86
		{4F6800CD-D21F-4395-859D-FBCFE284701D}.Release|x86.Build.0 = Release|x86
		{4F6800CD-D21F-4395-859D-FBCFE284701D}.Release|x86.Deploy.0 = Release|x86
	EndGlobalSection
	GlobalSection(SolutionProperties) = preSolution
		HideSolutionNode = FALSE
	EndGlobalSection
	GlobalSection(ExtensibilityGlobals) = postSolution
		SolutionGuid = {FD57EF03-FD11-4424-B2CB-1714AB6BFA76}
	EndGlobalSection
EndGlobal
