
Microsoft Visual Studio Solution File, Format Version 12.00
# Visual Studio Version 16
VisualStudioVersion = 16.0.31702.278
MinimumVisualStudioVersion = 10.0.40219.1
Project("{FAE04EC0-301F-11D3-BF4B-00C04F79EFBC}") = "Assigment", "Assigment.csproj", "{844EA879-CCB6-4F71-A387-2AC84CD32195}"
EndProject
Project("{FAE04EC0-301F-11D3-BF4B-00C04F79EFBC}") = "Assigments", "..\Assigments\Assigments.csproj", "{8E147FF7-2A33-4239-9264-6AAE867608BF}"
EndProject
Global
	GlobalSection(SolutionConfigurationPlatforms) = preSolution
		Debug|ARM = Debug|ARM
		Debug|ARM64 = Debug|ARM64
		Debug|x64 = Debug|x64
		Debug|x86 = Debug|x86
		Release|ARM = Release|ARM
		Release|ARM64 = Release|ARM64
		Release|x64 = Release|x64
		Release|x86 = Release|x86
	EndGlobalSection
	GlobalSection(ProjectConfigurationPlatforms) = postSolution
		{844EA879-CCB6-4F71-A387-2AC84CD32195}.Debug|ARM.ActiveCfg = Debug|ARM
		{844EA879-CCB6-4F71-A387-2AC84CD32195}.Debug|ARM.Build.0 = Debug|ARM
		{844EA879-CCB6-4F71-A387-2AC84CD32195}.Debug|ARM.Deploy.0 = Debug|ARM
		{844EA879-CCB6-4F71-A387-2AC84CD32195}.Debug|ARM64.ActiveCfg = Debug|ARM64
		{844EA879-CCB6-4F71-A387-2AC84CD32195}.Debug|ARM64.Build.0 = Debug|ARM64
		{844EA879-CCB6-4F71-A387-2AC84CD32195}.Debug|ARM64.Deploy.0 = Debug|ARM64
		{844EA879-CCB6-4F71-A387-2AC84CD32195}.Debug|x64.ActiveCfg = Debug|x64
		{844EA879-CCB6-4F71-A387-2AC84CD32195}.Debug|x64.Build.0 = Debug|x64
		{844EA879-CCB6-4F71-A387-2AC84CD32195}.Debug|x64.Deploy.0 = Debug|x64
		{844EA879-CCB6-4F71-A387-2AC84CD32195}.Debug|x86.ActiveCfg = Debug|x86
		{844EA879-CCB6-4F71-A387-2AC84CD32195}.Debug|x86.Build.0 = Debug|x86
		{844EA879-CCB6-4F71-A387-2AC84CD32195}.Debug|x86.Deploy.0 = Debug|x86
		{844EA879-CCB6-4F71-A387-2AC84CD32195}.Release|ARM.ActiveCfg = Release|ARM
		{844EA879-CCB6-4F71-A387-2AC84CD32195}.Release|ARM.Build.0 = Release|ARM
		{844EA879-CCB6-4F71-A387-2AC84CD32195}.Release|ARM.Deploy.0 = Release|ARM
		{844EA879-CCB6-4F71-A387-2AC84CD32195}.Release|ARM64.ActiveCfg = Release|ARM64
		{844EA879-CCB6-4F71-A387-2AC84CD32195}.Release|ARM64.Build.0 = Release|ARM64
		{844EA879-CCB6-4F71-A387-2AC84CD32195}.Release|ARM64.Deploy.0 = Release|ARM64
		{844EA879-CCB6-4F71-A387-2AC84CD32195}.Release|x64.ActiveCfg = Release|x64
		{844EA879-CCB6-4F71-A387-2AC84CD32195}.Release|x64.Build.0 = Release|x64
		{844EA879-CCB6-4F71-A387-2AC84CD32195}.Release|x64.Deploy.0 = Release|x64
		{844EA879-CCB6-4F71-A387-2AC84CD32195}.Release|x86.ActiveCfg = Release|x86
		{844EA879-CCB6-4F71-A387-2AC84CD32195}.Release|x86.Build.0 = Release|x86
		{844EA879-CCB6-4F71-A387-2AC84CD32195}.Release|x86.Deploy.0 = Release|x86
		{8E147FF7-2A33-4239-9264-6AAE867608BF}.Debug|ARM.ActiveCfg = Debug|ARM
		{8E147FF7-2A33-4239-9264-6AAE867608BF}.Debug|ARM.Build.0 = Debug|ARM
		{8E147FF7-2A33-4239-9264-6AAE867608BF}.Debug|ARM.Deploy.0 = Debug|ARM
		{8E147FF7-2A33-4239-9264-6AAE867608BF}.Debug|ARM64.ActiveCfg = Debug|ARM64
		{8E147FF7-2A33-4239-9264-6AAE867608BF}.Debug|ARM64.Build.0 = Debug|ARM64
		{8E147FF7-2A33-4239-9264-6AAE867608BF}.Debug|ARM64.Deploy.0 = Debug|ARM64
		{8E147FF7-2A33-4239-9264-6AAE867608BF}.Debug|x64.ActiveCfg = Debug|x64
		{8E147FF7-2A33-4239-9264-6AAE867608BF}.Debug|x64.Build.0 = Debug|x64
		{8E147FF7-2A33-4239-9264-6AAE867608BF}.Debug|x64.Deploy.0 = Debug|x64
		{8E147FF7-2A33-4239-9264-6AAE867608BF}.Debug|x86.ActiveCfg = Debug|x86
		{8E147FF7-2A33-4239-9264-6AAE867608BF}.Debug|x86.Build.0 = Debug|x86
		{8E147FF7-2A33-4239-9264-6AAE867608BF}.Debug|x86.Deploy.0 = Debug|x86
		{8E147FF7-2A33-4239-9264-6AAE867608BF}.Release|ARM.ActiveCfg = Release|ARM
		{8E147FF7-2A33-4239-9264-6AAE867608BF}.Release|ARM.Build.0 = Release|ARM
		{8E147FF7-2A33-4239-9264-6AAE867608BF}.Release|ARM.Deploy.0 = Release|ARM
		{8E147FF7-2A33-4239-9264-6AAE867608BF}.Release|ARM64.ActiveCfg = Release|ARM64
		{8E147FF7-2A33-4239-9264-6AAE867608BF}.Release|ARM64.Build.0 = Release|ARM64
		{8E147FF7-2A33-4239-9264-6AAE867608BF}.Release|ARM64.Deploy.0 = Release|ARM64
		{8E147FF7-2A33-4239-9264-6AAE867608BF}.Release|x64.ActiveCfg = Release|x64
		{8E147FF7-2A33-4239-9264-6AAE867608BF}.Release|x64.Build.0 = Release|x64
		{8E147FF7-2A33-4239-9264-6AAE867608BF}.Release|x64.Deploy.0 = Release|x64
		{8E147FF7-2A33-4239-9264-6AAE867608BF}.Release|x86.ActiveCfg = Release|x86
		{8E147FF7-2A33-4239-9264-6AAE867608BF}.Release|x86.Build.0 = Release|x86
		{8E147FF7-2A33-4239-9264-6AAE867608BF}.Release|x86.Deploy.0 = Release|x86
	EndGlobalSection
	GlobalSection(SolutionProperties) = preSolution
		HideSolutionNode = FALSE
	EndGlobalSection
	GlobalSection(ExtensibilityGlobals) = postSolution
		SolutionGuid = {C408828D-85ED-4137-9F7F-A4BDD9AE7AE3}
	EndGlobalSection
EndGlobal
